
Microsoft Visual Studio Solution File, Format Version 12.00
# Visual Studio Version 17
VisualStudioVersion = 17.7.34009.444
MinimumVisualStudioVersion = 10.0.40219.1
Project("{9A19103F-16F7-4668-BE54-9A1E7A4F7556}") = "ParseNetshModeBss", "ParseNetshModeBss\ParseNetshModeBss.csproj", "{46B76D1A-E72B-4F39-80C3-F7B0A635A1B3}"
EndProject
Project("{D954291E-2A0B-460D-934E-DC6B0785DB48}") = "Utilities", "Utilities\Utilities.shproj", "{F05B4F38-6A74-40FD-B8E1-4BE8488D4A3A}"
EndProject
Project("{FAE04EC0-301F-11D3-BF4B-00C04F79EFBC}") = "NetshG", "NetshG\NetshG.csproj", "{6A8AE6D0-0017-49EA-AE17-1E85710B439A}"
EndProject
Global
	GlobalSection(SolutionConfigurationPlatforms) = preSolution
		Debug|Any CPU = Debug|Any CPU
		Release|Any CPU = Release|Any CPU
	EndGlobalSection
	GlobalSection(ProjectConfigurationPlatforms) = postSolution
		{46B76D1A-E72B-4F39-80C3-F7B0A635A1B3}.Debug|Any CPU.ActiveCfg = Debug|Any CPU
		{46B76D1A-E72B-4F39-80C3-F7B0A635A1B3}.Debug|Any CPU.Build.0 = Debug|Any CPU
		{46B76D1A-E72B-4F39-80C3-F7B0A635A1B3}.Release|Any CPU.ActiveCfg = Release|Any CPU
		{46B76D1A-E72B-4F39-80C3-F7B0A635A1B3}.Release|Any CPU.Build.0 = Release|Any CPU
		{6A8AE6D0-0017-49EA-AE17-1E85710B439A}.Debug|Any CPU.ActiveCfg = Debug|Any CPU
		{6A8AE6D0-0017-49EA-AE17-1E85710B439A}.Debug|Any CPU.Build.0 = Debug|Any CPU
		{6A8AE6D0-0017-49EA-AE17-1E85710B439A}.Release|Any CPU.ActiveCfg = Release|Any CPU
		{6A8AE6D0-0017-49EA-AE17-1E85710B439A}.Release|Any CPU.Build.0 = Release|Any CPU
	EndGlobalSection
	GlobalSection(SolutionProperties) = preSolution
		HideSolutionNode = FALSE
	EndGlobalSection
	GlobalSection(ExtensibilityGlobals) = postSolution
		SolutionGuid = {B6AC3EBF-6576-4B9F-9969-7E45893C818B}
	EndGlobalSection
	GlobalSection(SharedMSBuildProjectFiles) = preSolution
		Utilities\Utilities.projitems*{46b76d1a-e72b-4f39-80c3-f7b0a635a1b3}*SharedItemsImports = 5
		Utilities\Utilities.projitems*{6a8ae6d0-0017-49ea-ae17-1e85710b439a}*SharedItemsImports = 5
		Utilities\Utilities.projitems*{f05b4f38-6a74-40fd-b8e1-4be8488d4a3a}*SharedItemsImports = 13
	EndGlobalSection
EndGlobal
